
Microsoft Visual Studio Solution File, Format Version 12.00
# Visual Studio Version 17
VisualStudioVersion = 17.8.34309.116
MinimumVisualStudioVersion = 10.0.40219.1
Project("{9A19103F-16F7-4668-BE54-9A1E7A4F7556}") = "Jarvis.WebApi", "Jarvis.WebApi\Jarvis.WebApi.csproj", "{611ED25C-A9F4-4E43-A5A2-345D7CF96D16}"
EndProject
Project("{2150E333-8FDC-42A3-9474-1A3956D46DE8}") = "Solution Items", "Solution Items", "{71F50A5B-2E43-4A4C-9FE4-2B9FCB5EAD60}"
	ProjectSection(SolutionItems) = preProject
		readme.md = readme.md
	EndProjectSection
EndProject
Project("{9A19103F-16F7-4668-BE54-9A1E7A4F7556}") = "Jarvis.DTOs", "Jarvis.DTOs\Jarvis.DTOs.csproj", "{63370877-3758-46F8-BC7D-E2C026548FA2}"
EndProject
Project("{9A19103F-16F7-4668-BE54-9A1E7A4F7556}") = "Jarvis.Tenant.BluePrints", "Jarvis.Tenant.BluePrints\Jarvis.Tenant.BluePrints.csproj", "{0CBD85FD-B1F7-45A5-9EF3-861D03031C38}"
EndProject
Project("{2150E333-8FDC-42A3-9474-1A3956D46DE8}") = "01.Api", "01.Api", "{EC7B84C5-D686-4F00-99E0-9668A8436B4F}"
EndProject
Project("{2150E333-8FDC-42A3-9474-1A3956D46DE8}") = "02.Services", "02.Services", "{20966FD5-38F8-489E-BD9E-A1552BDA8C2F}"
EndProject
Project("{2150E333-8FDC-42A3-9474-1A3956D46DE8}") = "01.BluePrints", "01.BluePrints", "{591BEA38-801B-4293-B5A4-52042C75A521}"
EndProject
Project("{2150E333-8FDC-42A3-9474-1A3956D46DE8}") = "02.Proxies", "02.Proxies", "{1BCA8951-E8A3-4E4E-942F-8074B173DD36}"
EndProject
Project("{9A19103F-16F7-4668-BE54-9A1E7A4F7556}") = "Jarvis.TenantServicesProxy", "Jarvis.TenantServicesProxy\Jarvis.TenantServicesProxy.csproj", "{1B0F4625-3971-45AC-B8C1-6634E69756C1}"
EndProject
Project("{2150E333-8FDC-42A3-9474-1A3956D46DE8}") = "03.Implementations", "03.Implementations", "{5B3F6D1C-1165-4D49-BE40-2BFAAECC6E7C}"
EndProject
Project("{9A19103F-16F7-4668-BE54-9A1E7A4F7556}") = "Jarvis.SampleTenant1", "Jarvis.SampleTenant1\Jarvis.SampleTenant1.csproj", "{33126E8D-9074-4A31-8988-78132A4FDF13}"
EndProject
Project("{2150E333-8FDC-42A3-9474-1A3956D46DE8}") = "03.Common", "03.Common", "{0A64D27D-4B80-4961-A0BF-7B963CAB2914}"
EndProject
Project("{9A19103F-16F7-4668-BE54-9A1E7A4F7556}") = "Jarvis.DTOValidations", "Jarvis.DTOValidations\Jarvis.DTOValidations.csproj", "{DDDF173B-EDA2-434C-B0C8-88D6D44C1944}"
EndProject
Project("{9A19103F-16F7-4668-BE54-9A1E7A4F7556}") = "Jarvis.Utils", "Jarvis.Utils\Jarvis.Utils.csproj", "{999FF01C-1BAC-4DFC-A63A-EC453FDDEE8C}"
EndProject
Global
	GlobalSection(SolutionConfigurationPlatforms) = preSolution
		Debug|Any CPU = Debug|Any CPU
		Release|Any CPU = Release|Any CPU
	EndGlobalSection
	GlobalSection(ProjectConfigurationPlatforms) = postSolution
		{611ED25C-A9F4-4E43-A5A2-345D7CF96D16}.Debug|Any CPU.ActiveCfg = Debug|Any CPU
		{611ED25C-A9F4-4E43-A5A2-345D7CF96D16}.Debug|Any CPU.Build.0 = Debug|Any CPU
		{611ED25C-A9F4-4E43-A5A2-345D7CF96D16}.Release|Any CPU.ActiveCfg = Release|Any CPU
		{611ED25C-A9F4-4E43-A5A2-345D7CF96D16}.Release|Any CPU.Build.0 = Release|Any CPU
		{63370877-3758-46F8-BC7D-E2C026548FA2}.Debug|Any CPU.ActiveCfg = Debug|Any CPU
		{63370877-3758-46F8-BC7D-E2C026548FA2}.Debug|Any CPU.Build.0 = Debug|Any CPU
		{63370877-3758-46F8-BC7D-E2C026548FA2}.Release|Any CPU.ActiveCfg = Release|Any CPU
		{63370877-3758-46F8-BC7D-E2C026548FA2}.Release|Any CPU.Build.0 = Release|Any CPU
		{0CBD85FD-B1F7-45A5-9EF3-861D03031C38}.Debug|Any CPU.ActiveCfg = Debug|Any CPU
		{0CBD85FD-B1F7-45A5-9EF3-861D03031C38}.Debug|Any CPU.Build.0 = Debug|Any CPU
		{0CBD85FD-B1F7-45A5-9EF3-861D03031C38}.Release|Any CPU.ActiveCfg = Release|Any CPU
		{0CBD85FD-B1F7-45A5-9EF3-861D03031C38}.Release|Any CPU.Build.0 = Release|Any CPU
		{1B0F4625-3971-45AC-B8C1-6634E69756C1}.Debug|Any CPU.ActiveCfg = Debug|Any CPU
		{1B0F4625-3971-45AC-B8C1-6634E69756C1}.Debug|Any CPU.Build.0 = Debug|Any CPU
		{1B0F4625-3971-45AC-B8C1-6634E69756C1}.Release|Any CPU.ActiveCfg = Release|Any CPU
		{1B0F4625-3971-45AC-B8C1-6634E69756C1}.Release|Any CPU.Build.0 = Release|Any CPU
		{33126E8D-9074-4A31-8988-78132A4FDF13}.Debug|Any CPU.ActiveCfg = Debug|Any CPU
		{33126E8D-9074-4A31-8988-78132A4FDF13}.Debug|Any CPU.Build.0 = Debug|Any CPU
		{33126E8D-9074-4A31-8988-78132A4FDF13}.Release|Any CPU.ActiveCfg = Release|Any CPU
		{33126E8D-9074-4A31-8988-78132A4FDF13}.Release|Any CPU.Build.0 = Release|Any CPU
		{DDDF173B-EDA2-434C-B0C8-88D6D44C1944}.Debug|Any CPU.ActiveCfg = Debug|Any CPU
		{DDDF173B-EDA2-434C-B0C8-88D6D44C1944}.Debug|Any CPU.Build.0 = Debug|Any CPU
		{DDDF173B-EDA2-434C-B0C8-88D6D44C1944}.Release|Any CPU.ActiveCfg = Release|Any CPU
		{DDDF173B-EDA2-434C-B0C8-88D6D44C1944}.Release|Any CPU.Build.0 = Release|Any CPU
		{999FF01C-1BAC-4DFC-A63A-EC453FDDEE8C}.Debug|Any CPU.ActiveCfg = Debug|Any CPU
		{999FF01C-1BAC-4DFC-A63A-EC453FDDEE8C}.Debug|Any CPU.Build.0 = Debug|Any CPU
		{999FF01C-1BAC-4DFC-A63A-EC453FDDEE8C}.Release|Any CPU.ActiveCfg = Release|Any CPU
		{999FF01C-1BAC-4DFC-A63A-EC453FDDEE8C}.Release|Any CPU.Build.0 = Release|Any CPU
	EndGlobalSection
	GlobalSection(SolutionProperties) = preSolution
		HideSolutionNode = FALSE
	EndGlobalSection
	GlobalSection(NestedProjects) = preSolution
		{611ED25C-A9F4-4E43-A5A2-345D7CF96D16} = {EC7B84C5-D686-4F00-99E0-9668A8436B4F}
		{63370877-3758-46F8-BC7D-E2C026548FA2} = {0A64D27D-4B80-4961-A0BF-7B963CAB2914}
		{0CBD85FD-B1F7-45A5-9EF3-861D03031C38} = {591BEA38-801B-4293-B5A4-52042C75A521}
		{591BEA38-801B-4293-B5A4-52042C75A521} = {20966FD5-38F8-489E-BD9E-A1552BDA8C2F}
		{1BCA8951-E8A3-4E4E-942F-8074B173DD36} = {20966FD5-38F8-489E-BD9E-A1552BDA8C2F}
		{1B0F4625-3971-45AC-B8C1-6634E69756C1} = {1BCA8951-E8A3-4E4E-942F-8074B173DD36}
		{5B3F6D1C-1165-4D49-BE40-2BFAAECC6E7C} = {20966FD5-38F8-489E-BD9E-A1552BDA8C2F}
		{33126E8D-9074-4A31-8988-78132A4FDF13} = {5B3F6D1C-1165-4D49-BE40-2BFAAECC6E7C}
		{DDDF173B-EDA2-434C-B0C8-88D6D44C1944} = {0A64D27D-4B80-4961-A0BF-7B963CAB2914}
		{999FF01C-1BAC-4DFC-A63A-EC453FDDEE8C} = {0A64D27D-4B80-4961-A0BF-7B963CAB2914}
	EndGlobalSection
	GlobalSection(ExtensibilityGlobals) = postSolution
		SolutionGuid = {FEF2BA4C-24F9-4C73-A4E3-D81FBC12B423}
	EndGlobalSection
EndGlobal
